
Microsoft Visual Studio Solution File, Format Version 12.00
# Visual Studio Version 17
VisualStudioVersion = 17.0.31903.59
MinimumVisualStudioVersion = 10.0.40219.1
Project("{2150E333-8FDC-42A3-9474-1A3956D46DE8}") = "src", "src", "{827E0CD3-B72D-47B6-A68D-7590B98EB39B}"
EndProject
Project("{FAE04EC0-301F-11D3-BF4B-00C04F79EFBC}") = "SmartDesk.Domain", "src\SmartDesk.Domain\SmartDesk.Domain.csproj", "{F494DA9D-87BC-4981-9CE9-AAE687FFB742}"
EndProject
Project("{FAE04EC0-301F-11D3-BF4B-00C04F79EFBC}") = "SmartDesk.Application", "src\SmartDesk.Application\SmartDesk.Application.csproj", "{820559F3-B1BD-4C1C-A7F3-8F3EFE15BB15}"
EndProject
Project("{FAE04EC0-301F-11D3-BF4B-00C04F79EFBC}") = "SmartDesk.Infrastructure", "src\SmartDesk.Infrastructure\SmartDesk.Infrastructure.csproj", "{F65A07CC-B629-47CF-8486-A82CAC734828}"
EndProject
Project("{FAE04EC0-301F-11D3-BF4B-00C04F79EFBC}") = "SmartDesk.API", "src\SmartDesk.API\SmartDesk.API.csproj", "{FD43F3DE-988A-4BD5-9FE1-89E5652C645B}"
EndProject
Project("{FAE04EC0-301F-11D3-BF4B-00C04F79EFBC}") = "SmartDesk.UnitTests", "tests\SmartDesk.UnitTests\SmartDesk.UnitTests.csproj", "{26D8272B-3232-4DDF-A267-04C7491077B5}"
EndProject
Project("{FAE04EC0-301F-11D3-BF4B-00C04F79EFBC}") = "SmartDesk.IntegrationTests", "tests\SmartDesk.IntegrationTests\SmartDesk.IntegrationTests.csproj", "{6A5902C3-53AD-43C7-95A2-ACA320072A45}"
EndProject
Global
	GlobalSection(SolutionConfigurationPlatforms) = preSolution
		Debug|Any CPU = Debug|Any CPU
		Debug|x64 = Debug|x64
		Debug|x86 = Debug|x86
		Release|Any CPU = Release|Any CPU
		Release|x64 = Release|x64
		Release|x86 = Release|x86
	EndGlobalSection
	GlobalSection(ProjectConfigurationPlatforms) = postSolution
		{F494DA9D-87BC-4981-9CE9-AAE687FFB742}.Debug|Any CPU.ActiveCfg = Debug|Any CPU
		{F494DA9D-87BC-4981-9CE9-AAE687FFB742}.Debug|Any CPU.Build.0 = Debug|Any CPU
		{F494DA9D-87BC-4981-9CE9-AAE687FFB742}.Debug|x64.ActiveCfg = Debug|Any CPU
		{F494DA9D-87BC-4981-9CE9-AAE687FFB742}.Debug|x64.Build.0 = Debug|Any CPU
		{F494DA9D-87BC-4981-9CE9-AAE687FFB742}.Debug|x86.ActiveCfg = Debug|Any CPU
		{F494DA9D-87BC-4981-9CE9-AAE687FFB742}.Debug|x86.Build.0 = Debug|Any CPU
		{F494DA9D-87BC-4981-9CE9-AAE687FFB742}.Release|Any CPU.ActiveCfg = Release|Any CPU
		{F494DA9D-87BC-4981-9CE9-AAE687FFB742}.Release|Any CPU.Build.0 = Release|Any CPU
		{F494DA9D-87BC-4981-9CE9-AAE687FFB742}.Release|x64.ActiveCfg = Release|Any CPU
		{F494DA9D-87BC-4981-9CE9-AAE687FFB742}.Release|x64.Build.0 = Release|Any CPU
		{F494DA9D-87BC-4981-9CE9-AAE687FFB742}.Release|x86.ActiveCfg = Release|Any CPU
		{F494DA9D-87BC-4981-9CE9-AAE687FFB742}.Release|x86.Build.0 = Release|Any CPU
		{820559F3-B1BD-4C1C-A7F3-8F3EFE15BB15}.Debug|Any CPU.ActiveCfg = Debug|Any CPU
		{820559F3-B1BD-4C1C-A7F3-8F3EFE15BB15}.Debug|Any CPU.Build.0 = Debug|Any CPU
		{820559F3-B1BD-4C1C-A7F3-8F3EFE15BB15}.Debug|x64.ActiveCfg = Debug|Any CPU
		{820559F3-B1BD-4C1C-A7F3-8F3EFE15BB15}.Debug|x64.Build.0 = Debug|Any CPU
		{820559F3-B1BD-4C1C-A7F3-8F3EFE15BB15}.Debug|x86.ActiveCfg = Debug|Any CPU
		{820559F3-B1BD-4C1C-A7F3-8F3EFE15BB15}.Debug|x86.Build.0 = Debug|Any CPU
		{820559F3-B1BD-4C1C-A7F3-8F3EFE15BB15}.Release|Any CPU.ActiveCfg = Release|Any CPU
		{820559F3-B1BD-4C1C-A7F3-8F3EFE15BB15}.Release|Any CPU.Build.0 = Release|Any CPU
		{820559F3-B1BD-4C1C-A7F3-8F3EFE15BB15}.Release|x64.ActiveCfg = Release|Any CPU
		{820559F3-B1BD-4C1C-A7F3-8F3EFE15BB15}.Release|x64.Build.0 = Release|Any CPU
		{820559F3-B1BD-4C1C-A7F3-8F3EFE15BB15}.Release|x86.ActiveCfg = Release|Any CPU
		{820559F3-B1BD-4C1C-A7F3-8F3EFE15BB15}.Release|x86.Build.0 = Release|Any CPU
		{F65A07CC-B629-47CF-8486-A82CAC734828}.Debug|Any CPU.ActiveCfg = Debug|Any CPU
		{F65A07CC-B629-47CF-8486-A82CAC734828}.Debug|Any CPU.Build.0 = Debug|Any CPU
		{F65A07CC-B629-47CF-8486-A82CAC734828}.Debug|x64.ActiveCfg = Debug|Any CPU
		{F65A07CC-B629-47CF-8486-A82CAC734828}.Debug|x64.Build.0 = Debug|Any CPU
		{F65A07CC-B629-47CF-8486-A82CAC734828}.Debug|x86.ActiveCfg = Debug|Any CPU
		{F65A07CC-B629-47CF-8486-A82CAC734828}.Debug|x86.Build.0 = Debug|Any CPU
		{F65A07CC-B629-47CF-8486-A82CAC734828}.Release|Any CPU.ActiveCfg = Release|Any CPU
		{F65A07CC-B629-47CF-8486-A82CAC734828}.Release|Any CPU.Build.0 = Release|Any CPU
		{F65A07CC-B629-47CF-8486-A82CAC734828}.Release|x64.ActiveCfg = Release|Any CPU
		{F65A07CC-B629-47CF-8486-A82CAC734828}.Release|x64.Build.0 = Release|Any CPU
		{F65A07CC-B629-47CF-8486-A82CAC734828}.Release|x86.ActiveCfg = Release|Any CPU
		{F65A07CC-B629-47CF-8486-A82CAC734828}.Release|x86.Build.0 = Release|Any CPU
		{FD43F3DE-988A-4BD5-9FE1-89E5652C645B}.Debug|Any CPU.ActiveCfg = Debug|Any CPU
		{FD43F3DE-988A-4BD5-9FE1-89E5652C645B}.Debug|Any CPU.Build.0 = Debug|Any CPU
		{FD43F3DE-988A-4BD5-9FE1-89E5652C645B}.Debug|x64.ActiveCfg = Debug|Any CPU
		{FD43F3DE-988A-4BD5-9FE1-89E5652C645B}.Debug|x64.Build.0 = Debug|Any CPU
		{FD43F3DE-988A-4BD5-9FE1-89E5652C645B}.Debug|x86.ActiveCfg = Debug|Any CPU
		{FD43F3DE-988A-4BD5-9FE1-89E5652C645B}.Debug|x86.Build.0 = Debug|Any CPU
		{FD43F3DE-988A-4BD5-9FE1-89E5652C645B}.Release|Any CPU.ActiveCfg = Release|Any CPU
		{FD43F3DE-988A-4BD5-9FE1-89E5652C645B}.Release|Any CPU.Build.0 = Release|Any CPU
		{FD43F3DE-988A-4BD5-9FE1-89E5652C645B}.Release|x64.ActiveCfg = Release|Any CPU
		{FD43F3DE-988A-4BD5-9FE1-89E5652C645B}.Release|x64.Build.0 = Release|Any CPU
		{FD43F3DE-988A-4BD5-9FE1-89E5652C645B}.Release|x86.ActiveCfg = Release|Any CPU
		{FD43F3DE-988A-4BD5-9FE1-89E5652C645B}.Release|x86.Build.0 = Release|Any CPU
		{26D8272B-3232-4DDF-A267-04C7491077B5}.Debug|Any CPU.ActiveCfg = Debug|Any CPU
		{26D8272B-3232-4DDF-A267-04C7491077B5}.Debug|Any CPU.Build.0 = Debug|Any CPU
		{26D8272B-3232-4DDF-A267-04C7491077B5}.Debug|x64.ActiveCfg = Debug|Any CPU
		{26D8272B-3232-4DDF-A267-04C7491077B5}.Debug|x64.Build.0 = Debug|Any CPU
		{26D8272B-3232-4DDF-A267-04C7491077B5}.Debug|x86.ActiveCfg = Debug|Any CPU
		{26D8272B-3232-4DDF-A267-04C7491077B5}.Debug|x86.Build.0 = Debug|Any CPU
		{26D8272B-3232-4DDF-A267-04C7491077B5}.Release|Any CPU.ActiveCfg = Release|Any CPU
		{26D8272B-3232-4DDF-A267-04C7491077B5}.Release|Any CPU.Build.0 = Release|Any CPU
		{26D8272B-3232-4DDF-A267-04C7491077B5}.Release|x64.ActiveCfg = Release|Any CPU
		{26D8272B-3232-4DDF-A267-04C7491077B5}.Release|x64.Build.0 = Release|Any CPU
		{26D8272B-3232-4DDF-A267-04C7491077B5}.Release|x86.ActiveCfg = Release|Any CPU
		{26D8272B-3232-4DDF-A267-04C7491077B5}.Release|x86.Build.0 = Release|Any CPU
		{6A5902C3-53AD-43C7-95A2-ACA320072A45}.Debug|Any CPU.ActiveCfg = Debug|Any CPU
		{6A5902C3-53AD-43C7-95A2-ACA320072A45}.Debug|Any CPU.Build.0 = Debug|Any CPU
		{6A5902C3-53AD-43C7-95A2-ACA320072A45}.Debug|x64.ActiveCfg = Debug|Any CPU
		{6A5902C3-53AD-43C7-95A2-ACA320072A45}.Debug|x64.Build.0 = Debug|Any CPU
		{6A5902C3-53AD-43C7-95A2-ACA320072A45}.Debug|x86.ActiveCfg = Debug|Any CPU
		{6A5902C3-53AD-43C7-95A2-ACA320072A45}.Debug|x86.Build.0 = Debug|Any CPU
		{6A5902C3-53AD-43C7-95A2-ACA320072A45}.Release|Any CPU.ActiveCfg = Release|Any CPU
		{6A5902C3-53AD-43C7-95A2-ACA320072A45}.Release|Any CPU.Build.0 = Release|Any CPU
		{6A5902C3-53AD-43C7-95A2-ACA320072A45}.Release|x64.ActiveCfg = Release|Any CPU
		{6A5902C3-53AD-43C7-95A2-ACA320072A45}.Release|x64.Build.0 = Release|Any CPU
		{6A5902C3-53AD-43C7-95A2-ACA320072A45}.Release|x86.ActiveCfg = Release|Any CPU
		{6A5902C3-53AD-43C7-95A2-ACA320072A45}.Release|x86.Build.0 = Release|Any CPU
	EndGlobalSection
	GlobalSection(SolutionProperties) = preSolution
		HideSolutionNode = FALSE
	EndGlobalSection
	GlobalSection(NestedProjects) = preSolution
		{F494DA9D-87BC-4981-9CE9-AAE687FFB742} = {827E0CD3-B72D-47B6-A68D-7590B98EB39B}
		{820559F3-B1BD-4C1C-A7F3-8F3EFE15BB15} = {827E0CD3-B72D-47B6-A68D-7590B98EB39B}
		{F65A07CC-B629-47CF-8486-A82CAC734828} = {827E0CD3-B72D-47B6-A68D-7590B98EB39B}
		{FD43F3DE-988A-4BD5-9FE1-89E5652C645B} = {827E0CD3-B72D-47B6-A68D-7590B98EB39B}
		{26D8272B-3232-4DDF-A267-04C7491077B5} = {827E0CD3-B72D-47B6-A68D-7590B98EB39B}
		{6A5902C3-53AD-43C7-95A2-ACA320072A45} = {827E0CD3-B72D-47B6-A68D-7590B98EB39B}
	EndGlobalSection
EndGlobal
